
Microsoft Visual Studio Solution File, Format Version 12.00
# Visual Studio Version 17
VisualStudioVersion = 17.5.33414.496
MinimumVisualStudioVersion = 10.0.40219.1
Project("{FAE04EC0-301F-11D3-BF4B-00C04F79EFBC}") = "VBSteel.Server", "VBSteel\Server\VBSteel.Server.csproj", "{7DCF8E89-1873-4CE1-91DB-98420E701F63}"
EndProject
Project("{FAE04EC0-301F-11D3-BF4B-00C04F79EFBC}") = "VBSteel.Client", "VBSteel\Client\VBSteel.Client.csproj", "{510379DC-5901-4259-BFED-AF1FC71BA062}"
EndProject
Project("{FAE04EC0-301F-11D3-BF4B-00C04F79EFBC}") = "VBSteel.Shared", "VBSteel\Shared\VBSteel.Shared.csproj", "{8D265DB1-22E1-4141-AAE0-340259CB7A03}"
EndProject
Global
	GlobalSection(SolutionConfigurationPlatforms) = preSolution
		Debug|Any CPU = Debug|Any CPU
		Release|Any CPU = Release|Any CPU
	EndGlobalSection
	GlobalSection(ProjectConfigurationPlatforms) = postSolution
		{7DCF8E89-1873-4CE1-91DB-98420E701F63}.Debug|Any CPU.ActiveCfg = Debug|Any CPU
		{7DCF8E89-1873-4CE1-91DB-98420E701F63}.Debug|Any CPU.Build.0 = Debug|Any CPU
		{7DCF8E89-1873-4CE1-91DB-98420E701F63}.Release|Any CPU.ActiveCfg = Release|Any CPU
		{7DCF8E89-1873-4CE1-91DB-98420E701F63}.Release|Any CPU.Build.0 = Release|Any CPU
		{510379DC-5901-4259-BFED-AF1FC71BA062}.Debug|Any CPU.ActiveCfg = Debug|Any CPU
		{510379DC-5901-4259-BFED-AF1FC71BA062}.Debug|Any CPU.Build.0 = Debug|Any CPU
		{510379DC-5901-4259-BFED-AF1FC71BA062}.Release|Any CPU.ActiveCfg = Release|Any CPU
		{510379DC-5901-4259-BFED-AF1FC71BA062}.Release|Any CPU.Build.0 = Release|Any CPU
		{8D265DB1-22E1-4141-AAE0-340259CB7A03}.Debug|Any CPU.ActiveCfg = Debug|Any CPU
		{8D265DB1-22E1-4141-AAE0-340259CB7A03}.Debug|Any CPU.Build.0 = Debug|Any CPU
		{8D265DB1-22E1-4141-AAE0-340259CB7A03}.Release|Any CPU.ActiveCfg = Release|Any CPU
		{8D265DB1-22E1-4141-AAE0-340259CB7A03}.Release|Any CPU.Build.0 = Release|Any CPU
	EndGlobalSection
	GlobalSection(SolutionProperties) = preSolution
		HideSolutionNode = FALSE
	EndGlobalSection
	GlobalSection(ExtensibilityGlobals) = postSolution
		SolutionGuid = {F98D9EDC-98EB-4DBB-9926-CC4AF867F114}
	EndGlobalSection
EndGlobal
